lockfileVersion: '9.0'

settings:
  autoInstallPeers: true
  excludeLinksFromLockfile: false

importers:

  .:
    devDependencies:
      '@types/node':
        specifier: ^25.3.0
        version: 25.3.0

  packages/poker:
    dependencies:
      '@drvillo/moltpoker-shared':
        specifier: workspace:*
        version: link:../shared
      seedrandom:
        specifier: ^3.0.5
        version: 3.0.5
    devDependencies:
      '@types/node':
        specifier: ^25.3.0
        version: 25.3.0
      '@types/seedrandom':
        specifier: ^3.0.8
        version: 3.0.8
      fast-check:
        specifier: ^4.5.3
        version: 4.5.3
      typescript:
        specifier: ^5.3.3
        version: 5.9.3

  packages/shared:
    dependencies:
      zod:
        specifier: ^3.22.4
        version: 3.25.76
    devDependencies:
      typescript:
        specifier: ^5.3.3
        version: 5.9.3

packages:

  '@types/node@25.3.0':
    resolution: {integrity: sha512-4K3bqJpXpqfg2XKGK9bpDTc6xO/xoUP/RBWS7AtRMug6zZFaRekiLzjVtAoZMquxoAbzBvy5nxQ7veS5eYzf8A==}

  '@types/seedrandom@3.0.8':
    resolution: {integrity: sha512-TY1eezMU2zH2ozQoAFAQFOPpvP15g+ZgSfTZt31AUUH/Rxtnz3H+A/Sv1Snw2/amp//omibc+AEkTaA8KUeOLQ==}

  fast-check@4.5.3:
    resolution: {integrity: sha512-IE9csY7lnhxBnA8g/WI5eg/hygA6MGWJMSNfFRrBlXUciADEhS1EDB0SIsMSvzubzIlOBbVITSsypCsW717poA==}
    engines: {node: '>=12.17.0'}

  pure-rand@7.0.1:
    resolution: {integrity: sha512-oTUZM/NAZS8p7ANR3SHh30kXB+zK2r2BPcEn/awJIbOvq82WoMN4p62AWWp3Hhw50G0xMsw1mhIBLqHw64EcNQ==}

  seedrandom@3.0.5:
    resolution: {integrity: sha512-8OwmbklUNzwezjGInmZ+2clQmExQPvomqjL7LFqOYqtmuxRgQYqOD3mHaU+MvZn5FLUeVxVfQjwLZW/n/JFuqg==}

  typescript@5.9.3:
    resolution: {integrity: sha512-jl1vZzPDinLr9eUt3J/t7V6FgNEw9QjvBPdysz9KfQDD41fQrC2Y4vKQdiaUpFT4bXlb1RHhLpp8wtm6M5TgSw==}
    engines: {node: '>=14.17'}
    hasBin: true

  undici-types@7.18.2:
    resolution: {integrity: sha512-AsuCzffGHJybSaRrmr5eHr81mwJU3kjw6M+uprWvCXiNeN9SOGwQ3Jn8jb8m3Z6izVgknn1R0FTCEAP2QrLY/w==}

  zod@3.25.76:
    resolution: {integrity: sha512-gzUt/qt81nXsFGKIFcC3YnfEAx5NkunCfnDlvuBSSFS02bcXu4Lmea0AFIUwbLWxWPx3d9p8S5QoaujKcNQxcQ==}

snapshots:

  '@types/node@25.3.0':
    dependencies:
      undici-types: 7.18.2

  '@types/seedrandom@3.0.8': {}

  fast-check@4.5.3:
    dependencies:
      pure-rand: 7.0.1

  pure-rand@7.0.1: {}

  seedrandom@3.0.5: {}

  typescript@5.9.3: {}

  undici-types@7.18.2: {}

  zod@3.25.76: {}
